# This file was autogenerated by Juvix version 0.6.6.
# Do not edit this file manually.

version: 2
checksum: 14e32386e89aa0fc23af5f1d8a8330e7d1dfdb69264125c529f7b7df060d2f86
dependencies:
- git:
    name: anoma_juvix-stdlib
    ref: 615a02c8107076ca9661c5234d41792be91a5104
    url: https://github.com/anoma/juvix-stdlib
  dependencies: []
- git:
    name: anoma_juvix-containers
    ref: 6d3d2b38cdedecffa8b4a171a508f21b6ce70a8e
    url: https://github.com/anoma/juvix-containers
  dependencies:
  - git:
      name: anoma_juvix-stdlib
      ref: 615a02c8107076ca9661c5234d41792be91a5104
      url: https://github.com/anoma/juvix-stdlib
    dependencies: []
- git:
    name: anoma_juvix-test
    ref: 3103c41e055eb9018a851fd3688cd608cad8f55d
    url: https://github.com/anoma/juvix-test
  dependencies:
  - git:
      name: anoma_juvix-stdlib
      ref: 615a02c8107076ca9661c5234d41792be91a5104
      url: https://github.com/anoma/juvix-stdlib
    dependencies: []
- git:
    name: anoma_juvix-anoma-stdlib
    ref: 3210551db3c4fa43bcaad3cdc9a317eaa7d501c1
    url: https://github.com/anoma/juvix-anoma-stdlib
  dependencies:
  - git:
      name: anoma_juvix-stdlib
      ref: 615a02c8107076ca9661c5234d41792be91a5104
      url: https://github.com/anoma/juvix-stdlib
    dependencies: []
- git:
    name: anoma_juvix-anoma-test
    ref: 338017bb5a4281f1b4769bfc1ef7f243ad47963a
    url: https://github.com/anoma/juvix-anoma-test
  dependencies:
  - git:
      name: anoma_juvix-anoma-stdlib
      ref: 3210551db3c4fa43bcaad3cdc9a317eaa7d501c1
      url: https://github.com/anoma/juvix-anoma-stdlib
    dependencies:
    - git:
        name: anoma_juvix-stdlib
        ref: 615a02c8107076ca9661c5234d41792be91a5104
        url: https://github.com/anoma/juvix-stdlib
      dependencies: []
  - git:
      name: anoma_juvix-stdlib
      ref: 615a02c8107076ca9661c5234d41792be91a5104
      url: https://github.com/anoma/juvix-stdlib
    dependencies: []
  - git:
      name: anoma_juvix-containers
      ref: 6d3d2b38cdedecffa8b4a171a508f21b6ce70a8e
      url: https://github.com/anoma/juvix-containers
    dependencies:
    - git:
        name: anoma_juvix-stdlib
        ref: 615a02c8107076ca9661c5234d41792be91a5104
        url: https://github.com/anoma/juvix-stdlib
      dependencies: []
  - git:
      name: anoma_juvix-test
      ref: 3103c41e055eb9018a851fd3688cd608cad8f55d
      url: https://github.com/anoma/juvix-test
    dependencies:
    - git:
        name: anoma_juvix-stdlib
        ref: 615a02c8107076ca9661c5234d41792be91a5104
        url: https://github.com/anoma/juvix-stdlib
      dependencies: []
