# This file was autogenerated by Juvix version 0.6.6.
# Do not edit this file manually.

version: 2
checksum: 6f3d26528e50593e71ee1564d04fd604418f2e2d42c940d3558ad4010e62bfb3
dependencies:
- git:
    name: anoma_juvix-stdlib
    ref: 615a02c8107076ca9661c5234d41792be91a5104
    url: https://github.com/anoma/juvix-stdlib
  dependencies: []
- git:
    name: anoma_juvix-containers
    ref: 6d3d2b38cdedecffa8b4a171a508f21b6ce70a8e
    url: https://github.com/anoma/juvix-containers
  dependencies:
  - git:
      name: anoma_juvix-stdlib
      ref: 615a02c8107076ca9661c5234d41792be91a5104
      url: https://github.com/anoma/juvix-stdlib
    dependencies: []
- git:
    name: anoma_juvix-test
    ref: 3103c41e055eb9018a851fd3688cd608cad8f55d
    url: https://github.com/anoma/juvix-test
  dependencies:
  - git:
      name: anoma_juvix-stdlib
      ref: 615a02c8107076ca9661c5234d41792be91a5104
      url: https://github.com/anoma/juvix-stdlib
    dependencies: []
- git:
    name: anoma_juvix-arm-transparent
    ref: be0f9b71e26c94b375779019f751a1648a66caca
    url: https://github.com/anoma/juvix-arm-transparent
  dependencies:
  - git:
      name: anoma_juvix-stdlib
      ref: 615a02c8107076ca9661c5234d41792be91a5104
      url: https://github.com/anoma/juvix-stdlib
    dependencies: []
  - git:
      name: anoma_juvix-containers
      ref: 6d3d2b38cdedecffa8b4a171a508f21b6ce70a8e
      url: https://github.com/anoma/juvix-containers
    dependencies:
    - git:
        name: anoma_juvix-stdlib
        ref: 615a02c8107076ca9661c5234d41792be91a5104
        url: https://github.com/anoma/juvix-stdlib
      dependencies: []
