# This file was autogenerated by Juvix version 0.6.6.
# Do not edit this file manually.

version: 2
checksum: 47a7eb421207e322441b7f91a2a65f33cb9216306f996d82f6640cf1f90357bf
dependencies:
- git:
    name: anoma_juvix-stdlib
    ref: 615a02c8107076ca9661c5234d41792be91a5104
    url: https://github.com/anoma/juvix-stdlib
  dependencies: []
- git:
    name: anoma_juvix-containers
    ref: 6d3d2b38cdedecffa8b4a171a508f21b6ce70a8e
    url: https://github.com/anoma/juvix-containers
  dependencies:
  - git:
      name: anoma_juvix-stdlib
      ref: 615a02c8107076ca9661c5234d41792be91a5104
      url: https://github.com/anoma/juvix-stdlib
    dependencies: []
- git:
    name: anoma_juvix-test
    ref: 3103c41e055eb9018a851fd3688cd608cad8f55d
    url: https://github.com/anoma/juvix-test
  dependencies:
  - git:
      name: anoma_juvix-stdlib
      ref: 615a02c8107076ca9661c5234d41792be91a5104
      url: https://github.com/anoma/juvix-stdlib
    dependencies: []
- git:
    name: anoma_juvix-anoma-stdlib
    ref: 3210551db3c4fa43bcaad3cdc9a317eaa7d501c1
    url: https://github.com/anoma/juvix-anoma-stdlib
  dependencies:
  - git:
      name: anoma_juvix-stdlib
      ref: 615a02c8107076ca9661c5234d41792be91a5104
      url: https://github.com/anoma/juvix-stdlib
    dependencies: []
- git:
    name: anoma_juvix-anoma-test
    ref: d587e40c5b3d31294cf8d339a644921903ba6759
    url: https://github.com/anoma/juvix-anoma-test
  dependencies:
  - git:
      name: anoma_juvix-anoma-stdlib
      ref: 3210551db3c4fa43bcaad3cdc9a317eaa7d501c1
      url: https://github.com/anoma/juvix-anoma-stdlib
    dependencies:
    - git:
        name: anoma_juvix-stdlib
        ref: 615a02c8107076ca9661c5234d41792be91a5104
        url: https://github.com/anoma/juvix-stdlib
      dependencies: []
  - git:
      name: anoma_juvix-stdlib
      ref: 615a02c8107076ca9661c5234d41792be91a5104
      url: https://github.com/anoma/juvix-stdlib
    dependencies: []
  - git:
      name: anoma_juvix-containers
      ref: 6d3d2b38cdedecffa8b4a171a508f21b6ce70a8e
      url: https://github.com/anoma/juvix-containers
    dependencies:
    - git:
        name: anoma_juvix-stdlib
        ref: 615a02c8107076ca9661c5234d41792be91a5104
        url: https://github.com/anoma/juvix-stdlib
      dependencies: []
  - git:
      name: anoma_juvix-test
      ref: 3103c41e055eb9018a851fd3688cd608cad8f55d
      url: https://github.com/anoma/juvix-test
    dependencies:
    - git:
        name: anoma_juvix-stdlib
        ref: 615a02c8107076ca9661c5234d41792be91a5104
        url: https://github.com/anoma/juvix-stdlib
      dependencies: []
